
Microsoft Visual Studio Solution File, Format Version 12.00
# Visual Studio Version 17
VisualStudioVersion = 17.11.35222.181
MinimumVisualStudioVersion = 10.0.40219.1
Project("{FAE04EC0-301F-11D3-BF4B-00C04F79EFBC}") = "test", "test\test.csproj", "{CE1DBF54-598F-4133-A772-866E29780F22}"
EndProject
Global
	GlobalSection(SolutionConfigurationPlatforms) = preSolution
		Debug|Any CPU = Debug|Any CPU
		Release|Any CPU = Release|Any CPU
	EndGlobalSection
	GlobalSection(ProjectConfigurationPlatforms) = postSolution
		{CE1DBF54-598F-4133-A772-866E29780F22}.Debug|Any CPU.ActiveCfg = Debug|Any CPU
		{CE1DBF54-598F-4133-A772-866E29780F22}.Debug|Any CPU.Build.0 = Debug|Any CPU
		{CE1DBF54-598F-4133-A772-866E29780F22}.Release|Any CPU.ActiveCfg = Release|Any CPU
		{CE1DBF54-598F-4133-A772-866E29780F22}.Release|Any CPU.Build.0 = Release|Any CPU
	EndGlobalSection
	GlobalSection(SolutionProperties) = preSolution
		HideSolutionNode = FALSE
	EndGlobalSection
	GlobalSection(ExtensibilityGlobals) = postSolution
		SolutionGuid = {089A38C9-A03C-4E14-BF18-9EF9F3D9EF34}
	EndGlobalSection
EndGlobal
